// !$*UTF8*$!
{
	archiveVersion = 1;
	classes = {
	};
	objectVersion = 52;
	objects = {

/* Begin PBXBuildFile section */
		B35888BA265A44E4001DF748 /* Purchase.swift in Sources */ = {isa = PBXBuildFile; fileRef = B35888B9265A44E4001DF748 /* Purchase.swift */; };
		B37FCD23263BD6C200BB8837 /* BaguniApp.swift in Sources */ = {isa = PBXBuildFile; fileRef = B37FCD22263BD6C200BB8837 /* BaguniApp.swift */; };
		B37FCD25263BD6C200BB8837 /* ContentView.swift in Sources */ = {isa = PBXBuildFile; fileRef = B37FCD24263BD6C200BB8837 /* ContentView.swift */; };
		B37FCD27263BD6CA00BB8837 /* Assets.xcassets in Resources */ = {isa = PBXBuildFile; fileRef = B37FCD26263BD6CA00BB8837 /* Assets.xcassets */; };
		B37FCD2A263BD6CA00BB8837 /* Preview Assets.xcassets in Resources */ = {isa = PBXBuildFile; fileRef = B37FCD29263BD6CA00BB8837 /* Preview Assets.xcassets */; };
		B37FCD35263BDA7300BB8837 /* CodeScanner in Frameworks */ = {isa = PBXBuildFile; productRef = B37FCD34263BDA7300BB8837 /* CodeScanner */; };
		E2147E4D2658B613003720F7 /* CardModels.swift in Sources */ = {isa = PBXBuildFile; fileRef = E2147E4C2658B613003720F7 /* CardModels.swift */; };
		E2147E4F2658B714003720F7 /* Data.swift in Sources */ = {isa = PBXBuildFile; fileRef = E2147E4E2658B714003720F7 /* Data.swift */; };
		E2147E512658DB22003720F7 /* ColorConstants.swift in Sources */ = {isa = PBXBuildFile; fileRef = E2147E502658DB22003720F7 /* ColorConstants.swift */; };
		E2147E532658DEB7003720F7 /* PagerView.swift in Sources */ = {isa = PBXBuildFile; fileRef = E2147E522658DEB7003720F7 /* PagerView.swift */; };
		E2147E552658E3B0003720F7 /* CardView.swift in Sources */ = {isa = PBXBuildFile; fileRef = E2147E542658E3B0003720F7 /* CardView.swift */; };
		E2147E572658F012003720F7 /* MenuHeaderView.swift in Sources */ = {isa = PBXBuildFile; fileRef = E2147E562658F012003720F7 /* MenuHeaderView.swift */; };
		E2147E59265927F4003720F7 /* CardManager.swift in Sources */ = {isa = PBXBuildFile; fileRef = E2147E58265927F4003720F7 /* CardManager.swift */; };
		E21A2024264AC8A90055FBCA /* MapView.swift in Sources */ = {isa = PBXBuildFile; fileRef = E21A2023264AC8A90055FBCA /* MapView.swift */; };
		E21A2027264ACAEB0055FBCA /* LocationManager.swift in Sources */ = {isa = PBXBuildFile; fileRef = E21A2026264ACAEB0055FBCA /* LocationManager.swift */; };
		E21A202A264AEAF90055FBCA /* Landmark.swift in Sources */ = {isa = PBXBuildFile; fileRef = E21A2029264AEAF90055FBCA /* Landmark.swift */; };
		E21A202C264AEB890055FBCA /* LandmarkAnnotation.swift in Sources */ = {isa = PBXBuildFile; fileRef = E21A202B264AEB890055FBCA /* LandmarkAnnotation.swift */; };
		E21A202E264AF8540055FBCA /* PlaceListView.swift in Sources */ = {isa = PBXBuildFile; fileRef = E21A202D264AF8540055FBCA /* PlaceListView.swift */; };
/* End PBXBuildFile section */

/* Begin PBXFileReference section */
		B35888B9265A44E4001DF748 /* Purchase.swift */ = {isa = PBXFileReference; fileEncoding = 4; lastKnownFileType = sourcecode.swift; path = Purchase.swift; sourceTree = "<group>"; };
		B37FCD1F263BD6C200BB8837 /* Baguni.app */ = {isa = PBXFileReference; explicitFileType = wrapper.application; includeInIndex = 0; path = Baguni.app; sourceTree = BUILT_PRODUCTS_DIR; };
		B37FCD22263BD6C200BB8837 /* BaguniApp.swift */ = {isa = PBXFileReference; lastKnownFileType = sourcecode.swift; path = BaguniApp.swift; sourceTree = "<group>"; };
		B37FCD24263BD6C200BB8837 /* ContentView.swift */ = {isa = PBXFileReference; lastKnownFileType = sourcecode.swift; path = ContentView.swift; sourceTree = "<group>"; };
		B37FCD26263BD6CA00BB8837 /* Assets.xcassets */ = {isa = PBXFileReference; lastKnownFileType = folder.assetcatalog; path = Assets.xcassets; sourceTree = "<group>"; };
		B37FCD29263BD6CA00BB8837 /* Preview Assets.xcassets */ = {isa = PBXFileReference; lastKnownFileType = folder.assetcatalog; path = "Preview Assets.xcassets"; sourceTree = "<group>"; };
		B37FCD2B263BD6CA00BB8837 /* Info.plist */ = {isa = PBXFileReference; lastKnownFileType = text.plist.xml; path = Info.plist; sourceTree = "<group>"; };
		E2147E4C2658B613003720F7 /* CardModels.swift */ = {isa = PBXFileReference; lastKnownFileType = sourcecode.swift; path = CardModels.swift; sourceTree = "<group>"; };
		E2147E4E2658B714003720F7 /* Data.swift */ = {isa = PBXFileReference; lastKnownFileType = sourcecode.swift; path = Data.swift; sourceTree = "<group>"; };
		E2147E502658DB22003720F7 /* ColorConstants.swift */ = {isa = PBXFileReference; lastKnownFileType = sourcecode.swift; path = ColorConstants.swift; sourceTree = "<group>"; };
		E2147E522658DEB7003720F7 /* PagerView.swift */ = {isa = PBXFileReference; lastKnownFileType = sourcecode.swift; path = PagerView.swift; sourceTree = "<group>"; };
		E2147E542658E3B0003720F7 /* CardView.swift */ = {isa = PBXFileReference; lastKnownFileType = sourcecode.swift; path = CardView.swift; sourceTree = "<group>"; };
		E2147E562658F012003720F7 /* MenuHeaderView.swift */ = {isa = PBXFileReference; lastKnownFileType = sourcecode.swift; path = MenuHeaderView.swift; sourceTree = "<group>"; };
		E2147E58265927F4003720F7 /* CardManager.swift */ = {isa = PBXFileReference; lastKnownFileType = sourcecode.swift; path = CardManager.swift; sourceTree = "<group>"; };
		E21A2023264AC8A90055FBCA /* MapView.swift */ = {isa = PBXFileReference; lastKnownFileType = sourcecode.swift; path = MapView.swift; sourceTree = "<group>"; };
		E21A2026264ACAEB0055FBCA /* LocationManager.swift */ = {isa = PBXFileReference; lastKnownFileType = sourcecode.swift; path = LocationManager.swift; sourceTree = "<group>"; };
		E21A2029264AEAF90055FBCA /* Landmark.swift */ = {isa = PBXFileReference; lastKnownFileType = sourcecode.swift; path = Landmark.swift; sourceTree = "<group>"; };
		E21A202B264AEB890055FBCA /* LandmarkAnnotation.swift */ = {isa = PBXFileReference; lastKnownFileType = sourcecode.swift; path = LandmarkAnnotation.swift; sourceTree = "<group>"; };
		E21A202D264AF8540055FBCA /* PlaceListView.swift */ = {isa = PBXFileReference; lastKnownFileType = sourcecode.swift; path = PlaceListView.swift; sourceTree = "<group>"; };
/* End PBXFileReference section */

/* Begin PBXFrameworksBuildPhase section */
		B37FCD1C263BD6C200BB8837 /* Frameworks */ = {
			isa = PBXFrameworksBuildPhase;
			buildActionMask = 2147483647;
			files = (
				B37FCD35263BDA7300BB8837 /* CodeScanner in Frameworks */,
			);
			runOnlyForDeploymentPostprocessing = 0;
		};
/* End PBXFrameworksBuildPhase section */

/* Begin PBXGroup section */
		B37FCD16263BD6C200BB8837 = {
			isa = PBXGroup;
			children = (
				B37FCD21263BD6C200BB8837 /* Baguni */,
				B37FCD20263BD6C200BB8837 /* Products */,
			);
			sourceTree = "<group>";
		};
		B37FCD20263BD6C200BB8837 /* Products */ = {
			isa = PBXGroup;
			children = (
				B37FCD1F263BD6C200BB8837 /* Baguni.app */,
			);
			name = Products;
			sourceTree = "<group>";
		};
		B37FCD21263BD6C200BB8837 /* Baguni */ = {
			isa = PBXGroup;
			children = (
				E2147E492658AAA6003720F7 /* Data */,
				E21A2028264AEAEC0055FBCA /* Models */,
				E21A2025264ACAD90055FBCA /* Managers */,
				E21A2022264AC88D0055FBCA /* Views */,
				B37FCD22263BD6C200BB8837 /* BaguniApp.swift */,
				B37FCD24263BD6C200BB8837 /* ContentView.swift */,
				B37FCD26263BD6CA00BB8837 /* Assets.xcassets */,
				B37FCD2B263BD6CA00BB8837 /* Info.plist */,
				B37FCD28263BD6CA00BB8837 /* Preview Content */,
			);
			path = Baguni;
			sourceTree = "<group>";
		};
		B37FCD28263BD6CA00BB8837 /* Preview Content */ = {
			isa = PBXGroup;
			children = (
				B37FCD29263BD6CA00BB8837 /* Preview Assets.xcassets */,
			);
			path = "Preview Content";
			sourceTree = "<group>";
		};
		E2147E492658AAA6003720F7 /* Data */ = {
			isa = PBXGroup;
			children = (
				E2147E4E2658B714003720F7 /* Data.swift */,
				E2147E502658DB22003720F7 /* ColorConstants.swift */,
			);
			path = Data;
			sourceTree = "<group>";
		};
		E21A2022264AC88D0055FBCA /* Views */ = {
			isa = PBXGroup;
			children = (
				E2147E542658E3B0003720F7 /* CardView.swift */,
				E21A2023264AC8A90055FBCA /* MapView.swift */,
				E21A202D264AF8540055FBCA /* PlaceListView.swift */,
				E2147E522658DEB7003720F7 /* PagerView.swift */,
				E2147E562658F012003720F7 /* MenuHeaderView.swift */,
			);
			path = Views;
			sourceTree = "<group>";
		};
		E21A2025264ACAD90055FBCA /* Managers */ = {
			isa = PBXGroup;
			children = (
				E21A2026264ACAEB0055FBCA /* LocationManager.swift */,
				E2147E58265927F4003720F7 /* CardManager.swift */,
			);
			path = Managers;
			sourceTree = "<group>";
		};
		E21A2028264AEAEC0055FBCA /* Models */ = {
			isa = PBXGroup;
			children = (
				B35888B9265A44E4001DF748 /* Purchase.swift */,
				E21A2029264AEAF90055FBCA /* Landmark.swift */,
				E21A202B264AEB890055FBCA /* LandmarkAnnotation.swift */,
				E2147E4C2658B613003720F7 /* CardModels.swift */,
			);
			path = Models;
			sourceTree = "<group>";
		};
/* End PBXGroup section */

/* Begin PBXNativeTarget section */
		B37FCD1E263BD6C200BB8837 /* Baguni */ = {
			isa = PBXNativeTarget;
			buildConfigurationList = B37FCD2E263BD6CA00BB8837 /* Build configuration list for PBXNativeTarget "Baguni" */;
			buildPhases = (
				B37FCD1B263BD6C200BB8837 /* Sources */,
				B37FCD1C263BD6C200BB8837 /* Frameworks */,
				B37FCD1D263BD6C200BB8837 /* Resources */,
			);
			buildRules = (
			);
			dependencies = (
			);
			name = Baguni;
			packageProductDependencies = (
				B37FCD34263BDA7300BB8837 /* CodeScanner */,
			);
			productName = Baguni;
			productReference = B37FCD1F263BD6C200BB8837 /* Baguni.app */;
			productType = "com.apple.product-type.application";
		};
/* End PBXNativeTarget section */

/* Begin PBXProject section */
		B37FCD17263BD6C200BB8837 /* Project object */ = {
			isa = PBXProject;
			attributes = {
				LastSwiftUpdateCheck = 1240;
				LastUpgradeCheck = 1240;
				TargetAttributes = {
					B37FCD1E263BD6C200BB8837 = {
						CreatedOnToolsVersion = 12.4;
					};
				};
			};
			buildConfigurationList = B37FCD1A263BD6C200BB8837 /* Build configuration list for PBXProject "Baguni" */;
			compatibilityVersion = "Xcode 9.3";
			developmentRegion = en;
			hasScannedForEncodings = 0;
			knownRegions = (
				en,
				Base,
			);
			mainGroup = B37FCD16263BD6C200BB8837;
			packageReferences = (
				B37FCD33263BDA7300BB8837 /* XCRemoteSwiftPackageReference "CodeScanner" */,
			);
			productRefGroup = B37FCD20263BD6C200BB8837 /* Products */;
			projectDirPath = "";
			projectRoot = "";
			targets = (
				B37FCD1E263BD6C200BB8837 /* Baguni */,
			);
		};
/* End PBXProject section */

/* Begin PBXResourcesBuildPhase section */
		B37FCD1D263BD6C200BB8837 /* Resources */ = {
			isa = PBXResourcesBuildPhase;
			buildActionMask = 2147483647;
			files = (
				B37FCD2A263BD6CA00BB8837 /* Preview Assets.xcassets in Resources */,
				B37FCD27263BD6CA00BB8837 /* Assets.xcassets in Resources */,
			);
			runOnlyForDeploymentPostprocessing = 0;
		};
/* End PBXResourcesBuildPhase section */

/* Begin PBXSourcesBuildPhase section */
		B37FCD1B263BD6C200BB8837 /* Sources */ = {
			isa = PBXSourcesBuildPhase;
			buildActionMask = 2147483647;
			files = (
				E21A2027264ACAEB0055FBCA /* LocationManager.swift in Sources */,
				E2147E532658DEB7003720F7 /* PagerView.swift in Sources */,
				E2147E4D2658B613003720F7 /* CardModels.swift in Sources */,
				E2147E59265927F4003720F7 /* CardManager.swift in Sources */,
				B37FCD25263BD6C200BB8837 /* ContentView.swift in Sources */,
				E2147E512658DB22003720F7 /* ColorConstants.swift in Sources */,
				E21A202C264AEB890055FBCA /* LandmarkAnnotation.swift in Sources */,
				E21A2024264AC8A90055FBCA /* MapView.swift in Sources */,
				E2147E572658F012003720F7 /* MenuHeaderView.swift in Sources */,
				E21A202E264AF8540055FBCA /* PlaceListView.swift in Sources */,
				B37FCD23263BD6C200BB8837 /* BaguniApp.swift in Sources */,
				B35888BA265A44E4001DF748 /* Purchase.swift in Sources */,
				E2147E4F2658B714003720F7 /* Data.swift in Sources */,
				E2147E552658E3B0003720F7 /* CardView.swift in Sources */,
				E21A202A264AEAF90055FBCA /* Landmark.swift in Sources */,
			);
			runOnlyForDeploymentPostprocessing = 0;
		};
/* End PBXSourcesBuildPhase section */

/* Begin XCBuildConfiguration section */
		B37FCD2C263BD6CA00BB8837 /* Debug */ = {
			isa = XCBuildConfiguration;
			buildSettings = {
				ALWAYS_SEARCH_USER_PATHS = NO;
				CLANG_ANALYZER_NONNULL = YES;
				CLANG_ANALYZER_NUMBER_OBJECT_CONVERSION = YES_AGGRESSIVE;
				CLANG_CXX_LANGUAGE_STANDARD = "gnu++14";
				CLANG_CXX_LIBRARY = "libc++";
				CLANG_ENABLE_MODULES = YES;
				CLANG_ENABLE_OBJC_ARC = YES;
				CLANG_ENABLE_OBJC_WEAK = YES;
				CLANG_WARN_BLOCK_CAPTURE_AUTORELEASING = YES;
				CLANG_WARN_BOOL_CONVERSION = YES;
				CLANG_WARN_COMMA = YES;
				CLANG_WARN_CONSTANT_CONVERSION = YES;
				CLANG_WARN_DEPRECATED_OBJC_IMPLEMENTATIONS = YES;
				CLANG_WARN_DIRECT_OBJC_ISA_USAGE = YES_ERROR;
				CLANG_WARN_DOCUMENTATION_COMMENTS = YES;
				CLANG_WARN_EMPTY_BODY = YES;
				CLANG_WARN_ENUM_CONVERSION = YES;
				CLANG_WARN_INFINITE_RECURSION = YES;
				CLANG_WARN_INT_CONVERSION = YES;
				CLANG_WARN_NON_LITERAL_NULL_CONVERSION = YES;
				CLANG_WARN_OBJC_IMPLICIT_RETAIN_SELF = YES;
				CLANG_WARN_OBJC_LITERAL_CONVERSION = YES;
				CLANG_WARN_OBJC_ROOT_CLASS = YES_ERROR;
				CLANG_WARN_QUOTED_INCLUDE_IN_FRAMEWORK_HEADER = YES;
				CLANG_WARN_RANGE_LOOP_ANALYSIS = YES;
				CLANG_WARN_STRICT_PROTOTYPES = YES;
				CLANG_WARN_SUSPICIOUS_MOVE = YES;
				CLANG_WARN_UNGUARDED_AVAILABILITY = YES_AGGRESSIVE;
				CLANG_WARN_UNREACHABLE_CODE = YES;
				CLANG_WARN__DUPLICATE_METHOD_MATCH = YES;
				COPY_PHASE_STRIP = NO;
				DEBUG_INFORMATION_FORMAT = dwarf;
				ENABLE_STRICT_OBJC_MSGSEND = YES;
				ENABLE_TESTABILITY = YES;
				GCC_C_LANGUAGE_STANDARD = gnu11;
				GCC_DYNAMIC_NO_PIC = NO;
				GCC_NO_COMMON_BLOCKS = YES;
				GCC_OPTIMIZATION_LEVEL = 0;
				GCC_PREPROCESSOR_DEFINITIONS = (
					"DEBUG=1",
					"$(inherited)",
				);
				GCC_WARN_64_TO_32_BIT_CONVERSION = YES;
				GCC_WARN_ABOUT_RETURN_TYPE = YES_ERROR;
				GCC_WARN_UNDECLARED_SELECTOR = YES;
				GCC_WARN_UNINITIALIZED_AUTOS = YES_AGGRESSIVE;
				GCC_WARN_UNUSED_FUNCTION = YES;
				GCC_WARN_UNUSED_VARIABLE = YES;
				IPHONEOS_DEPLOYMENT_TARGET = 14.4;
				MTL_ENABLE_DEBUG_INFO = INCLUDE_SOURCE;
				MTL_FAST_MATH = YES;
				ONLY_ACTIVE_ARCH = YES;
				SDKROOT = iphoneos;
				SWIFT_ACTIVE_COMPILATION_CONDITIONS = DEBUG;
				SWIFT_OPTIMIZATION_LEVEL = "-Onone";
			};
			name = Debug;
		};
		B37FCD2D263BD6CA00BB8837 /* Release */ = {
			isa = XCBuildConfiguration;
			buildSettings = {
				ALWAYS_SEARCH_USER_PATHS = NO;
				CLANG_ANALYZER_NONNULL = YES;
				CLANG_ANALYZER_NUMBER_OBJECT_CONVERSION = YES_AGGRESSIVE;
				CLANG_CXX_LANGUAGE_STANDARD = "gnu++14";
				CLANG_CXX_LIBRARY = "libc++";
				CLANG_ENABLE_MODULES = YES;
				CLANG_ENABLE_OBJC_ARC = YES;
				CLANG_ENABLE_OBJC_WEAK = YES;
				CLANG_WARN_BLOCK_CAPTURE_AUTORELEASING = YES;
				CLANG_WARN_BOOL_CONVERSION = YES;
				CLANG_WARN_COMMA = YES;
				CLANG_WARN_CONSTANT_CONVERSION = YES;
				CLANG_WARN_DEPRECATED_OBJC_IMPLEMENTATIONS = YES;
				CLANG_WARN_DIRECT_OBJC_ISA_USAGE = YES_ERROR;
				CLANG_WARN_DOCUMENTATION_COMMENTS = YES;
				CLANG_WARN_EMPTY_BODY = YES;
				CLANG_WARN_ENUM_CONVERSION = YES;
				CLANG_WARN_INFINITE_RECURSION = YES;
				CLANG_WARN_INT_CONVERSION = YES;
				CLANG_WARN_NON_LITERAL_NULL_CONVERSION = YES;
				CLANG_WARN_OBJC_IMPLICIT_RETAIN_SELF = YES;
				CLANG_WARN_OBJC_LITERAL_CONVERSION = YES;
				CLANG_WARN_OBJC_ROOT_CLASS = YES_ERROR;
				CLANG_WARN_QUOTED_INCLUDE_IN_FRAMEWORK_HEADER = YES;
				CLANG_WARN_RANGE_LOOP_ANALYSIS = YES;
				CLANG_WARN_STRICT_PROTOTYPES = YES;
				CLANG_WARN_SUSPICIOUS_MOVE = YES;
				CLANG_WARN_UNGUARDED_AVAILABILITY = YES_AGGRESSIVE;
				CLANG_WARN_UNREACHABLE_CODE = YES;
				CLANG_WARN__DUPLICATE_METHOD_MATCH = YES;
				COPY_PHASE_STRIP = NO;
				DEBUG_INFORMATION_FORMAT = "dwarf-with-dsym";
				ENABLE_NS_ASSERTIONS = NO;
				ENABLE_STRICT_OBJC_MSGSEND = YES;
				GCC_C_LANGUAGE_STANDARD = gnu11;
				GCC_NO_COMMON_BLOCKS = YES;
				GCC_WARN_64_TO_32_BIT_CONVERSION = YES;
				GCC_WARN_ABOUT_RETURN_TYPE = YES_ERROR;
				GCC_WARN_UNDECLARED_SELECTOR = YES;
				GCC_WARN_UNINITIALIZED_AUTOS = YES_AGGRESSIVE;
				GCC_WARN_UNUSED_FUNCTION = YES;
				GCC_WARN_UNUSED_VARIABLE = YES;
				IPHONEOS_DEPLOYMENT_TARGET = 14.4;
				MTL_ENABLE_DEBUG_INFO = NO;
				MTL_FAST_MATH = YES;
				SDKROOT = iphoneos;
				SWIFT_COMPILATION_MODE = wholemodule;
				SWIFT_OPTIMIZATION_LEVEL = "-O";
				VALIDATE_PRODUCT = YES;
			};
			name = Release;
		};
		B37FCD2F263BD6CA00BB8837 /* Debug */ = {
			isa = XCBuildConfiguration;
			buildSettings = {
				ASSETCATALOG_COMPILER_APPICON_NAME = AppIcon;
				ASSETCATALOG_COMPILER_GLOBAL_ACCENT_COLOR_NAME = AccentColor;
				CODE_SIGN_STYLE = Automatic;
				DEVELOPMENT_ASSET_PATHS = "\"Baguni/Preview Content\"";
				DEVELOPMENT_TEAM = 7C6DA5C6X8;
				ENABLE_PREVIEWS = YES;
				INFOPLIST_FILE = Baguni/Info.plist;
				IPHONEOS_DEPLOYMENT_TARGET = 14.0;
				LD_RUNPATH_SEARCH_PATHS = (
					"$(inherited)",
					"@executable_path/Frameworks",
				);
				PRODUCT_BUNDLE_IDENTIFIER = com.DamaTeam.Baguni;
				PRODUCT_NAME = "$(TARGET_NAME)";
				SWIFT_VERSION = 5.0;
				TARGETED_DEVICE_FAMILY = "1,2";
			};
			name = Debug;
		};
		B37FCD30263BD6CA00BB8837 /* Release */ = {
			isa = XCBuildConfiguration;
			buildSettings = {
				ASSETCATALOG_COMPILER_APPICON_NAME = AppIcon;
				ASSETCATALOG_COMPILER_GLOBAL_ACCENT_COLOR_NAME = AccentColor;
				CODE_SIGN_STYLE = Automatic;
				DEVELOPMENT_ASSET_PATHS = "\"Baguni/Preview Content\"";
				DEVELOPMENT_TEAM = 7C6DA5C6X8;
				ENABLE_PREVIEWS = YES;
				INFOPLIST_FILE = Baguni/Info.plist;
				IPHONEOS_DEPLOYMENT_TARGET = 14.0;
				LD_RUNPATH_SEARCH_PATHS = (
					"$(inherited)",
					"@executable_path/Frameworks",
				);
				PRODUCT_BUNDLE_IDENTIFIER = com.DamaTeam.Baguni;
				PRODUCT_NAME = "$(TARGET_NAME)";
				SWIFT_VERSION = 5.0;
				TARGETED_DEVICE_FAMILY = "1,2";
			};
			name = Release;
		};
/* End XCBuildConfiguration section */

/* Begin XCConfigurationList section */
		B37FCD1A263BD6C200BB8837 /* Build configuration list for PBXProject "Baguni" */ = {
			isa = XCConfigurationList;
			buildConfigurations = (
				B37FCD2C263BD6CA00BB8837 /* Debug */,
				B37FCD2D263BD6CA00BB8837 /* Release */,
			);
			defaultConfigurationIsVisible = 0;
			defaultConfigurationName = Release;
		};
		B37FCD2E263BD6CA00BB8837 /* Build configuration list for PBXNativeTarget "Baguni" */ = {
			isa = XCConfigurationList;
			buildConfigurations = (
				B37FCD2F263BD6CA00BB8837 /* Debug */,
				B37FCD30263BD6CA00BB8837 /* Release */,
			);
			defaultConfigurationIsVisible = 0;
			defaultConfigurationName = Release;
		};
/* End XCConfigurationList section */

/* Begin XCRemoteSwiftPackageReference section */
		B37FCD33263BDA7300BB8837 /* XCRemoteSwiftPackageReference "CodeScanner" */ = {
			isa = XCRemoteSwiftPackageReference;
			repositoryURL = "https://github.com/twostraws/CodeScanner";
			requirement = {
				kind = upToNextMajorVersion;
				minimumVersion = 1.0.7;
			};
		};
/* End XCRemoteSwiftPackageReference section */

/* Begin XCSwiftPackageProductDependency section */
		B37FCD34263BDA7300BB8837 /* CodeScanner */ = {
			isa = XCSwiftPackageProductDependency;
			package = B37FCD33263BDA7300BB8837 /* XCRemoteSwiftPackageReference "CodeScanner" */;
			productName = CodeScanner;
		};
/* End XCSwiftPackageProductDependency section */
	};
	rootObject = B37FCD17263BD6C200BB8837 /* Project object */;
}
